{
 "name": "gohugo-theme-netcrave",
 "version": "1.0.0",
 "lockfileVersion": 3,
 "requires": true,
 "packages": {
  "": {
   "name": "gohugo-theme-netcrave",
   "version": "1.0.0",
   "license": "MIT",
   "dependencies": {
    "@fontsource/inter": "^5.0.3",
    "font-awesome": "^4.7.0",
    "sf-font": "^1.0.0"
   },
   "devDependencies": {}
  },
  "node_modules/@fontsource/inter": {
   "version": "5.0.3",
   "resolved": "https://registry.npmjs.org/@fontsource/inter/-/inter-5.0.3.tgz",
   "integrity": "sha512-JJvh5xht71F6e0E5r2+Ffu8g+CYAxMvnGJm9ZMg5IIjy8UwxLp+8C99TgPJupdEyBpEJv0wuMG2Rd183z/bV8g=="
  },
  "node_modules/font-awesome": {
   "version": "4.7.0",
   "resolved": "https://registry.npmjs.org/font-awesome/-/font-awesome-4.7.0.tgz",
   "integrity": "sha512-U6kGnykA/6bFmg1M/oT9EkFeIYv7JlX3bozwQJWiiLz6L0w3F5vBVPxHlwyX/vtNq1ckcpRKOB9f2Qal/VtFpg==",
   "engines": {
    "node": ">=0.10.3"
   }
  },
  "node_modules/sf-font": {
   "version": "1.0.0",
   "resolved": "https://registry.npmjs.org/sf-font/-/sf-font-1.0.0.tgz",
   "integrity": "sha512-lEHKv0nO76MOg30JebEo6iIUn7VoD5nH+Jrgy34I1wV2pHXenpe3Uotck6f2nsR0+MUKHjjEM/zRJVOMRUnKhw=="
  }
 }
}
